
Microsoft Visual Studio Solution File, Format Version 12.00
# Visual Studio Version 17
VisualStudioVersion = 17.3.32901.215
MinimumVisualStudioVersion = 10.0.40219.1
Project("{9A19103F-16F7-4668-BE54-9A1E7A4F7556}") = "ParallelCounter", "ParallelCounter\ParallelCounter.csproj", "{3513424D-2A16-4D75-A1D8-064B907DCE4B}"
EndProject
Project("{FAE04EC0-301F-11D3-BF4B-00C04F79EFBC}") = "HalfSync", "HalfSync\HalfSync.csproj", "{1DEBAF5F-9488-429B-B594-66836C617438}"
EndProject
Global
	GlobalSection(SolutionConfigurationPlatforms) = preSolution
		Debug|Any CPU = Debug|Any CPU
		Release|Any CPU = Release|Any CPU
	EndGlobalSection
	GlobalSection(ProjectConfigurationPlatforms) = postSolution
		{3513424D-2A16-4D75-A1D8-064B907DCE4B}.Debug|Any CPU.ActiveCfg = Debug|Any CPU
		{3513424D-2A16-4D75-A1D8-064B907DCE4B}.Debug|Any CPU.Build.0 = Debug|Any CPU
		{3513424D-2A16-4D75-A1D8-064B907DCE4B}.Release|Any CPU.ActiveCfg = Release|Any CPU
		{3513424D-2A16-4D75-A1D8-064B907DCE4B}.Release|Any CPU.Build.0 = Release|Any CPU
		{1DEBAF5F-9488-429B-B594-66836C617438}.Debug|Any CPU.ActiveCfg = Debug|Any CPU
		{1DEBAF5F-9488-429B-B594-66836C617438}.Debug|Any CPU.Build.0 = Debug|Any CPU
		{1DEBAF5F-9488-429B-B594-66836C617438}.Release|Any CPU.ActiveCfg = Release|Any CPU
		{1DEBAF5F-9488-429B-B594-66836C617438}.Release|Any CPU.Build.0 = Release|Any CPU
	EndGlobalSection
	GlobalSection(SolutionProperties) = preSolution
		HideSolutionNode = FALSE
	EndGlobalSection
	GlobalSection(ExtensibilityGlobals) = postSolution
		SolutionGuid = {AE2B12A0-E4F0-46D6-B9E3-ADCBBCD5E3AD}
	EndGlobalSection
EndGlobal
